// !$*UTF8*$!
{
	archiveVersion = 1;
	classes = {
	};
	objectVersion = 46;
	objects = {

/* Begin PBXBuildFile section */
		F20F955E1CBA2F500021B79C /* AppDelegate.swift in Sources */ = {isa = PBXBuildFile; fileRef = F20F955D1CBA2F500021B79C /* AppDelegate.swift */; };
		F20F95601CBA2F500021B79C /* ViewController.swift in Sources */ = {isa = PBXBuildFile; fileRef = F20F955F1CBA2F500021B79C /* ViewController.swift */; };
		F20F95651CBA2F510021B79C /* Assets.xcassets in Resources */ = {isa = PBXBuildFile; fileRef = F20F95641CBA2F510021B79C /* Assets.xcassets */; };
		F20F95681CBA2F510021B79C /* LaunchScreen.storyboard in Resources */ = {isa = PBXBuildFile; fileRef = F20F95661CBA2F510021B79C /* LaunchScreen.storyboard */; };
		F20F95701CBA30440021B79C /* DetailViewController.swift in Sources */ = {isa = PBXBuildFile; fileRef = F20F956F1CBA30440021B79C /* DetailViewController.swift */; };
		F20F95721CBA305B0021B79C /* View.swift in Sources */ = {isa = PBXBuildFile; fileRef = F20F95711CBA305B0021B79C /* View.swift */; };
/* End PBXBuildFile section */

/* Begin PBXFileReference section */
		F20F955A1CBA2F500021B79C /* SelectorSyntaxSugar.app */ = {isa = PBXFileReference; explicitFileType = wrapper.application; includeInIndex = 0; path = SelectorSyntaxSugar.app; sourceTree = BUILT_PRODUCTS_DIR; };
		F20F955D1CBA2F500021B79C /* AppDelegate.swift */ = {isa = PBXFileReference; lastKnownFileType = sourcecode.swift; path = AppDelegate.swift; sourceTree = "<group>"; };
		F20F955F1CBA2F500021B79C /* ViewController.swift */ = {isa = PBXFileReference; lastKnownFileType = sourcecode.swift; path = ViewController.swift; sourceTree = "<group>"; };
		F20F95641CBA2F510021B79C /* Assets.xcassets */ = {isa = PBXFileReference; lastKnownFileType = folder.assetcatalog; path = Assets.xcassets; sourceTree = "<group>"; };
		F20F95671CBA2F510021B79C /* Base */ = {isa = PBXFileReference; lastKnownFileType = file.storyboard; name = Base; path = Base.lproj/LaunchScreen.storyboard; sourceTree = "<group>"; };
		F20F95691CBA2F510021B79C /* Info.plist */ = {isa = PBXFileReference; lastKnownFileType = text.plist.xml; path = Info.plist; sourceTree = "<group>"; };
		F20F956F1CBA30440021B79C /* DetailViewController.swift */ = {isa = PBXFileReference; fileEncoding = 4; lastKnownFileType = sourcecode.swift; path = DetailViewController.swift; sourceTree = "<group>"; };
		F20F95711CBA305B0021B79C /* View.swift */ = {isa = PBXFileReference; fileEncoding = 4; lastKnownFileType = sourcecode.swift; path = View.swift; sourceTree = "<group>"; };
/* End PBXFileReference section */

/* Begin PBXFrameworksBuildPhase section */
		F20F95571CBA2F500021B79C /* Frameworks */ = {
			isa = PBXFrameworksBuildPhase;
			buildActionMask = 2147483647;
			files = (
			);
			runOnlyForDeploymentPostprocessing = 0;
		};
/* End PBXFrameworksBuildPhase section */

/* Begin PBXGroup section */
		F20F95511CBA2F500021B79C = {
			isa = PBXGroup;
			children = (
				F20F955C1CBA2F500021B79C /* SelectorSyntaxSugar */,
				F20F955B1CBA2F500021B79C /* Products */,
			);
			sourceTree = "<group>";
		};
		F20F955B1CBA2F500021B79C /* Products */ = {
			isa = PBXGroup;
			children = (
				F20F955A1CBA2F500021B79C /* SelectorSyntaxSugar.app */,
			);
			name = Products;
			sourceTree = "<group>";
		};
		F20F955C1CBA2F500021B79C /* SelectorSyntaxSugar */ = {
			isa = PBXGroup;
			children = (
				F20F955D1CBA2F500021B79C /* AppDelegate.swift */,
				F20F955F1CBA2F500021B79C /* ViewController.swift */,
				F20F95711CBA305B0021B79C /* View.swift */,
				F20F956F1CBA30440021B79C /* DetailViewController.swift */,
				F20F95641CBA2F510021B79C /* Assets.xcassets */,
				F20F95661CBA2F510021B79C /* LaunchScreen.storyboard */,
				F20F95691CBA2F510021B79C /* Info.plist */,
			);
			path = SelectorSyntaxSugar;
			sourceTree = "<group>";
		};
/* End PBXGroup section */

/* Begin PBXNativeTarget section */
		F20F95591CBA2F500021B79C /* SelectorSyntaxSugar */ = {
			isa = PBXNativeTarget;
			buildConfigurationList = F20F956C1CBA2F510021B79C /* Build configuration list for PBXNativeTarget "SelectorSyntaxSugar" */;
			buildPhases = (
				F20F95561CBA2F500021B79C /* Sources */,
				F20F95571CBA2F500021B79C /* Frameworks */,
				F20F95581CBA2F500021B79C /* Resources */,
			);
			buildRules = (
			);
			dependencies = (
			);
			name = SelectorSyntaxSugar;
			productName = SelectorSyntaxSugar;
			productReference = F20F955A1CBA2F500021B79C /* SelectorSyntaxSugar.app */;
			productType = "com.apple.product-type.application";
		};
/* End PBXNativeTarget section */

/* Begin PBXProject section */
		F20F95521CBA2F500021B79C /* Project object */ = {
			isa = PBXProject;
			attributes = {
				LastSwiftUpdateCheck = 0730;
				LastUpgradeCheck = 0730;
				ORGANIZATIONNAME = dasdom;
				TargetAttributes = {
					F20F95591CBA2F500021B79C = {
						CreatedOnToolsVersion = 7.3;
					};
				};
			};
			buildConfigurationList = F20F95551CBA2F500021B79C /* Build configuration list for PBXProject "SelectorSyntaxSugar" */;
			compatibilityVersion = "Xcode 3.2";
			developmentRegion = English;
			hasScannedForEncodings = 0;
			knownRegions = (
				English,
				en,
				Base,
			);
			mainGroup = F20F95511CBA2F500021B79C;
			productRefGroup = F20F955B1CBA2F500021B79C /* Products */;
			projectDirPath = "";
			projectRoot = "";
			targets = (
				F20F95591CBA2F500021B79C /* SelectorSyntaxSugar */,
			);
		};
/* End PBXProject section */

/* Begin PBXResourcesBuildPhase section */
		F20F95581CBA2F500021B79C /* Resources */ = {
			isa = PBXResourcesBuildPhase;
			buildActionMask = 2147483647;
			files = (
				F20F95681CBA2F510021B79C /* LaunchScreen.storyboard in Resources */,
				F20F95651CBA2F510021B79C /* Assets.xcassets in Resources */,
			);
			runOnlyForDeploymentPostprocessing = 0;
		};
/* End PBXResourcesBuildPhase section */

/* Begin PBXSourcesBuildPhase section */
		F20F95561CBA2F500021B79C /* Sources */ = {
			isa = PBXSourcesBuildPhase;
			buildActionMask = 2147483647;
			files = (
				F20F95721CBA305B0021B79C /* View.swift in Sources */,
				F20F95701CBA30440021B79C /* DetailViewController.swift in Sources */,
				F20F95601CBA2F500021B79C /* ViewController.swift in Sources */,
				F20F955E1CBA2F500021B79C /* AppDelegate.swift in Sources */,
			);
			runOnlyForDeploymentPostprocessing = 0;
		};
/* End PBXSourcesBuildPhase section */

/* Begin PBXVariantGroup section */
		F20F95661CBA2F510021B79C /* LaunchScreen.storyboard */ = {
			isa = PBXVariantGroup;
			children = (
				F20F95671CBA2F510021B79C /* Base */,
			);
			name = LaunchScreen.storyboard;
			sourceTree = "<group>";
		};
/* End PBXVariantGroup section */

/* Begin XCBuildConfiguration section */
		F20F956A1CBA2F510021B79C /* Debug */ = {
			isa = XCBuildConfiguration;
			buildSettings = {
				ALWAYS_SEARCH_USER_PATHS = NO;
				CLANG_ANALYZER_NONNULL = YES;
				CLANG_CXX_LANGUAGE_STANDARD = "gnu++0x";
				CLANG_CXX_LIBRARY = "libc++";
				CLANG_ENABLE_MODULES = YES;
				CLANG_ENABLE_OBJC_ARC = YES;
				CLANG_WARN_BOOL_CONVERSION = YES;
				CLANG_WARN_CONSTANT_CONVERSION = YES;
				CLANG_WARN_DIRECT_OBJC_ISA_USAGE = YES_ERROR;
				CLANG_WARN_EMPTY_BODY = YES;
				CLANG_WARN_ENUM_CONVERSION = YES;
				CLANG_WARN_INT_CONVERSION = YES;
				CLANG_WARN_OBJC_ROOT_CLASS = YES_ERROR;
				CLANG_WARN_UNREACHABLE_CODE = YES;
				CLANG_WARN__DUPLICATE_METHOD_MATCH = YES;
				"CODE_SIGN_IDENTITY[sdk=iphoneos*]" = "iPhone Developer";
				COPY_PHASE_STRIP = NO;
				DEBUG_INFORMATION_FORMAT = dwarf;
				ENABLE_STRICT_OBJC_MSGSEND = YES;
				ENABLE_TESTABILITY = YES;
				GCC_C_LANGUAGE_STANDARD = gnu99;
				GCC_DYNAMIC_NO_PIC = NO;
				GCC_NO_COMMON_BLOCKS = YES;
				GCC_OPTIMIZATION_LEVEL = 0;
				GCC_PREPROCESSOR_DEFINITIONS = (
					"DEBUG=1",
					"$(inherited)",
				);
				GCC_WARN_64_TO_32_BIT_CONVERSION = YES;
				GCC_WARN_ABOUT_RETURN_TYPE = YES_ERROR;
				GCC_WARN_UNDECLARED_SELECTOR = YES;
				GCC_WARN_UNINITIALIZED_AUTOS = YES_AGGRESSIVE;
				GCC_WARN_UNUSED_FUNCTION = YES;
				GCC_WARN_UNUSED_VARIABLE = YES;
				IPHONEOS_DEPLOYMENT_TARGET = 9.3;
				MTL_ENABLE_DEBUG_INFO = YES;
				ONLY_ACTIVE_ARCH = YES;
				SDKROOT = iphoneos;
				SWIFT_OPTIMIZATION_LEVEL = "-Onone";
				TARGETED_DEVICE_FAMILY = "1,2";
			};
			name = Debug;
		};
		F20F956B1CBA2F510021B79C /* Release */ = {
			isa = XCBuildConfiguration;
			buildSettings = {
				ALWAYS_SEARCH_USER_PATHS = NO;
				CLANG_ANALYZER_NONNULL = YES;
				CLANG_CXX_LANGUAGE_STANDARD = "gnu++0x";
				CLANG_CXX_LIBRARY = "libc++";
				CLANG_ENABLE_MODULES = YES;
				CLANG_ENABLE_OBJC_ARC = YES;
				CLANG_WARN_BOOL_CONVERSION = YES;
				CLANG_WARN_CONSTANT_CONVERSION = YES;
				CLANG_WARN_DIRECT_OBJC_ISA_USAGE = YES_ERROR;
				CLANG_WARN_EMPTY_BODY = YES;
				CLANG_WARN_ENUM_CONVERSION = YES;
				CLANG_WARN_INT_CONVERSION = YES;
				CLANG_WARN_OBJC_ROOT_CLASS = YES_ERROR;
				CLANG_WARN_UNREACHABLE_CODE = YES;
				CLANG_WARN__DUPLICATE_METHOD_MATCH = YES;
				"CODE_SIGN_IDENTITY[sdk=iphoneos*]" = "iPhone Developer";
				COPY_PHASE_STRIP = NO;
				DEBUG_INFORMATION_FORMAT = "dwarf-with-dsym";
				ENABLE_NS_ASSERTIONS = NO;
				ENABLE_STRICT_OBJC_MSGSEND = YES;
				GCC_C_LANGUAGE_STANDARD = gnu99;
				GCC_NO_COMMON_BLOCKS = YES;
				GCC_WARN_64_TO_32_BIT_CONVERSION = YES;
				GCC_WARN_ABOUT_RETURN_TYPE = YES_ERROR;
				GCC_WARN_UNDECLARED_SELECTOR = YES;
				GCC_WARN_UNINITIALIZED_AUTOS = YES_AGGRESSIVE;
				GCC_WARN_UNUSED_FUNCTION = YES;
				GCC_WARN_UNUSED_VARIABLE = YES;
				IPHONEOS_DEPLOYMENT_TARGET = 9.3;
				MTL_ENABLE_DEBUG_INFO = NO;
				SDKROOT = iphoneos;
				TARGETED_DEVICE_FAMILY = "1,2";
				VALIDATE_PRODUCT = YES;
			};
			name = Release;
		};
		F20F956D1CBA2F510021B79C /* Debug */ = {
			isa = XCBuildConfiguration;
			buildSettings = {
				ASSETCATALOG_COMPILER_APPICON_NAME = AppIcon;
				INFOPLIST_FILE = SelectorSyntaxSugar/Info.plist;
				LD_RUNPATH_SEARCH_PATHS = "$(inherited) @executable_path/Frameworks";
				PRODUCT_BUNDLE_IDENTIFIER = de.dasdom.SelectorSyntaxSugar;
				PRODUCT_NAME = "$(TARGET_NAME)";
				SWIFT_VERSION = 5.0;
			};
			name = Debug;
		};
		F20F956E1CBA2F510021B79C /* Release */ = {
			isa = XCBuildConfiguration;
			buildSettings = {
				ASSETCATALOG_COMPILER_APPICON_NAME = AppIcon;
				INFOPLIST_FILE = SelectorSyntaxSugar/Info.plist;
				LD_RUNPATH_SEARCH_PATHS = "$(inherited) @executable_path/Frameworks";
				PRODUCT_BUNDLE_IDENTIFIER = de.dasdom.SelectorSyntaxSugar;
				PRODUCT_NAME = "$(TARGET_NAME)";
				SWIFT_VERSION = 5.0;
			};
			name = Release;
		};
/* End XCBuildConfiguration section */

/* Begin XCConfigurationList section */
		F20F95551CBA2F500021B79C /* Build configuration list for PBXProject "SelectorSyntaxSugar" */ = {
			isa = XCConfigurationList;
			buildConfigurations = (
				F20F956A1CBA2F510021B79C /* Debug */,
				F20F956B1CBA2F510021B79C /* Release */,
			);
			defaultConfigurationIsVisible = 0;
			defaultConfigurationName = Release;
		};
		F20F956C1CBA2F510021B79C /* Build configuration list for PBXNativeTarget "SelectorSyntaxSugar" */ = {
			isa = XCConfigurationList;
			buildConfigurations = (
				F20F956D1CBA2F510021B79C /* Debug */,
				F20F956E1CBA2F510021B79C /* Release */,
			);
			defaultConfigurationIsVisible = 0;
			defaultConfigurationName = Release;
		};
/* End XCConfigurationList section */
	};
	rootObject = F20F95521CBA2F500021B79C /* Project object */;
}
